uuid: 5db74b16-ee9e-4981-8eef-ffd42ae1d6af
langcode: en
status: false
dependencies:
  config:
    - views.view.acquia_search_fields
  module:
    - block_visibility_groups
    - menu_condition
    - term_condition
    - views
  theme:
    - ci_xy
_core:
  default_config_hash: vb6VPHP5RZbN03adHs4Y-ufyLFzdPpJyBIET6VJurpU
id: exposedformacquia_search_fieldssearch_block
theme: ci_xy
region: highlighted
weight: 0
provider: null
plugin: 'views_exposed_filter_block:acquia_search_fields-search_block'
settings:
  id: 'views_exposed_filter_block:acquia_search_fields-search_block'
  label: ''
  provider: views
  label_display: '0'
  views_label: ''
visibility:
  condition_group:
    id: condition_group
    negate: false
    block_visibility_group: ''
    context_mapping: {  }
  menu_position:
    id: menu_position
    menu_parent: ''
    negate: null
    context_mapping: {  }
  term:
    id: term
    negate: false
    tid: null
    context_mapping:
      node: '@node.node_route_context:node'
